
Microsoft Visual Studio Solution File, Format Version 12.00
# Visual Studio Version 17
VisualStudioVersion = 17.11.35222.181
MinimumVisualStudioVersion = 10.0.40219.1
Project("{FAE04EC0-301F-11D3-BF4B-00C04F79EFBC}") = "InfoSystemPtactika1", "InfoSystemPtactika1\InfoSystemPtactika1.csproj", "{2E7BB003-E298-45E2-BE7C-15CFB6E94800}"
EndProject
Global
	GlobalSection(SolutionConfigurationPlatforms) = preSolution
		Debug|Any CPU = Debug|Any CPU
		Release|Any CPU = Release|Any CPU
	EndGlobalSection
	GlobalSection(ProjectConfigurationPlatforms) = postSolution
		{2E7BB003-E298-45E2-BE7C-15CFB6E94800}.Debug|Any CPU.ActiveCfg = Debug|Any CPU
		{2E7BB003-E298-45E2-BE7C-15CFB6E94800}.Debug|Any CPU.Build.0 = Debug|Any CPU
		{2E7BB003-E298-45E2-BE7C-15CFB6E94800}.Release|Any CPU.ActiveCfg = Release|Any CPU
		{2E7BB003-E298-45E2-BE7C-15CFB6E94800}.Release|Any CPU.Build.0 = Release|Any CPU
	EndGlobalSection
	GlobalSection(SolutionProperties) = preSolution
		HideSolutionNode = FALSE
	EndGlobalSection
	GlobalSection(ExtensibilityGlobals) = postSolution
		SolutionGuid = {65DD785A-757C-45CF-9FE1-A70BFE9D4D9C}
	EndGlobalSection
EndGlobal
